
Microsoft Visual Studio Solution File, Format Version 12.00
Project("{FAE04EC0-301F-11D3-BF4B-00C04F79EFBC}") = "lab2", "lab2\lab2.csproj", "{E81778B6-F0A3-4B60-BCFC-C0A5B83EB323}"
EndProject
Project("{2150E333-8FDC-42A3-9474-1A3956D46DE8}") = "Solution Items", "Solution Items", "{54F71181-E4A9-42A3-BCB6-B0D7FC64712F}"
	ProjectSection(SolutionItems) = preProject
		docker-compose.yml = docker-compose.yml
	EndProjectSection
EndProject
Global
	GlobalSection(SolutionConfigurationPlatforms) = preSolution
		Debug|Any CPU = Debug|Any CPU
		Release|Any CPU = Release|Any CPU
	EndGlobalSection
	GlobalSection(ProjectConfigurationPlatforms) = postSolution
		{E81778B6-F0A3-4B60-BCFC-C0A5B83EB323}.Debug|Any CPU.ActiveCfg = Debug|Any CPU
		{E81778B6-F0A3-4B60-BCFC-C0A5B83EB323}.Debug|Any CPU.Build.0 = Debug|Any CPU
		{E81778B6-F0A3-4B60-BCFC-C0A5B83EB323}.Release|Any CPU.ActiveCfg = Release|Any CPU
		{E81778B6-F0A3-4B60-BCFC-C0A5B83EB323}.Release|Any CPU.Build.0 = Release|Any CPU
	EndGlobalSection
EndGlobal
